
Microsoft Visual Studio Solution File, Format Version 12.00
# Visual Studio Version 16
VisualStudioVersion = 16.0.30907.101
MinimumVisualStudioVersion = 10.0.40219.1
Project("{FAE04EC0-301F-11D3-BF4B-00C04F79EFBC}") = "GeometryForKidsApp", "GeometryForKidsApp\GeometryForKidsApp.csproj", "{031339C9-B240-4AD9-BE4C-02BCC58E8686}"
EndProject
Global
	GlobalSection(SolutionConfigurationPlatforms) = preSolution
		Debug|Any CPU = Debug|Any CPU
		Release|Any CPU = Release|Any CPU
	EndGlobalSection
	GlobalSection(ProjectConfigurationPlatforms) = postSolution
		{031339C9-B240-4AD9-BE4C-02BCC58E8686}.Debug|Any CPU.ActiveCfg = Debug|Any CPU
		{031339C9-B240-4AD9-BE4C-02BCC58E8686}.Debug|Any CPU.Build.0 = Debug|Any CPU
		{031339C9-B240-4AD9-BE4C-02BCC58E8686}.Release|Any CPU.ActiveCfg = Release|Any CPU
		{031339C9-B240-4AD9-BE4C-02BCC58E8686}.Release|Any CPU.Build.0 = Release|Any CPU
	EndGlobalSection
	GlobalSection(SolutionProperties) = preSolution
		HideSolutionNode = FALSE
	EndGlobalSection
	GlobalSection(ExtensibilityGlobals) = postSolution
		SolutionGuid = {A065E0B9-9391-436D-A83D-31D993110428}
	EndGlobalSection
EndGlobal
